
Microsoft Visual Studio Solution File, Format Version 12.00
# Visual Studio Version 17
VisualStudioVersion = 17.3.32901.215
MinimumVisualStudioVersion = 10.0.40219.1
Project("{FAE04EC0-301F-11D3-BF4B-00C04F79EFBC}") = "pokeAPI", "pokeAPI\pokeAPI.csproj", "{13975D6B-2CC1-4558-A1FB-E224D48BE884}"
EndProject
Global
	GlobalSection(SolutionConfigurationPlatforms) = preSolution
		Debug|Any CPU = Debug|Any CPU
		Release|Any CPU = Release|Any CPU
	EndGlobalSection
	GlobalSection(ProjectConfigurationPlatforms) = postSolution
		{13975D6B-2CC1-4558-A1FB-E224D48BE884}.Debug|Any CPU.ActiveCfg = Debug|Any CPU
		{13975D6B-2CC1-4558-A1FB-E224D48BE884}.Debug|Any CPU.Build.0 = Debug|Any CPU
		{13975D6B-2CC1-4558-A1FB-E224D48BE884}.Release|Any CPU.ActiveCfg = Release|Any CPU
		{13975D6B-2CC1-4558-A1FB-E224D48BE884}.Release|Any CPU.Build.0 = Release|Any CPU
	EndGlobalSection
	GlobalSection(SolutionProperties) = preSolution
		HideSolutionNode = FALSE
	EndGlobalSection
	GlobalSection(ExtensibilityGlobals) = postSolution
		SolutionGuid = {C1EF3C5F-0562-4F9D-93A8-7F3B01D9955F}
	EndGlobalSection
EndGlobal
